This file signifies that the current Promethios kernel is governed by the Resurrection Codex.
All runtime components and future modifications must adhere to the schemas and contracts defined within the Codex manifest and its associated schema registry. No code or configuration should be deployed or executed unless it is validated against the Codex.

contract_version: v2025.05.18
phase_id: 5.3
phase_title: Merkle Sealing of Output + Conflict Metadata
schema_registry:
  - external_trigger.schema.v1.json
  - webhook_payload.schema.v1.json
  - cli_args.schema.v1.json
  - replay_seal.schema.v1.json
  - execution_log.schema.v1.json
  - deterministic_replay.schema.v1.json
  - trust_view.schema.v1.json
  - replay_verification.schema.v1.json
  - trust_log_replay_binding.schema.v1.json
  - merkle_seal.schema.v1.json
  - conflict_metadata.schema.v1.json
ui_schema_registry:
  - trust_view.schema.v1.json
  - replay_verification.schema.v1.json
  - trust_log_replay_binding.schema.v1.json
codex_clauses:
  - 5.2: Replay Reproducibility Seal
  - 5.3: Merkle Sealing of Output + Conflict Metadata
  - 5.2.5: Codex Repository Hygiene Freeze
  - 11.0: Immutable Log Chain + Sequential Hashing
  - 11.1: Hash Chain Integrity Verification
  - 11.9: Cryptographic Verification Protocol
  - 12.20: Trust Log UI Viewer
  - 10.4: Conflict Resolution Framework
post_phase_lock_requirements:
  - All Merkle seals must include conflict metadata, even if conflict_type is "none"
  - Merkle trees must maintain a continuous chain with previous seals
  - Repository structure must remain unchanged until trust seal propagation is complete
verification_record_hash: 8f7e9d3c2b1a0f4e5d6c7b8a9e0d1c2b3a4f5e6d7c8b9a0
trust_log_routing_activation: UI-12.20-ACTIVE
test_schema_references:
  - replay_verification.schema.v1.json
  - trust_log_replay_binding.schema.v1.json
  - trust_view.schema.v1.json
  - merkle_seal.schema.v1.json
  - conflict_metadata.schema.v1.json
contract_hash: 9e8d7c6b5a4f3e2d1c0b9a8f7e6d5c4b3a2f1e0d
annotation: Phase 5.3 Merkle Sealing Implementation with Repository Structure Lock
